{
  "name": "My-sweeper",
  "lockfileVersion": 2,
  "requires": true,
  "packages": {
    "": {
      "devDependencies": {
        "@types/minimist": "^1.2.3",
        "@types/normalize-package-data": "^2.4.2"
      }
    },
    "node_modules/@types/minimist": {
      "version": "1.2.3",
      "resolved": "https://registry.npmjs.org/@types/minimist/-/minimist-1.2.3.tgz",
      "integrity": "sha512-ZYFzrvyWUNhaPomn80dsMNgMeXxNWZBdkuG/hWlUvXvbdUH8ZERNBGXnU87McuGcWDsyzX2aChCv/SVN348k3A==",
      "dev": true
    },
    "node_modules/@types/normalize-package-data": {
      "version": "2.4.2",
      "resolved": "https://registry.npmjs.org/@types/normalize-package-data/-/normalize-package-data-2.4.2.tgz",
      "integrity": "sha512-lqa4UEhhv/2sjjIQgjX8B+RBjj47eo0mzGasklVJ78UKGQY1r0VpB9XHDaZZO9qzEFDdy4MrXLuEaSmPrPSe/A==",
      "dev": true
    }
  },
  "dependencies": {
    "@types/minimist": {
      "version": "1.2.3",
      "resolved": "https://registry.npmjs.org/@types/minimist/-/minimist-1.2.3.tgz",
      "integrity": "sha512-ZYFzrvyWUNhaPomn80dsMNgMeXxNWZBdkuG/hWlUvXvbdUH8ZERNBGXnU87McuGcWDsyzX2aChCv/SVN348k3A==",
      "dev": true
    },
    "@types/normalize-package-data": {
      "version": "2.4.2",
      "resolved": "https://registry.npmjs.org/@types/normalize-package-data/-/normalize-package-data-2.4.2.tgz",
      "integrity": "sha512-lqa4UEhhv/2sjjIQgjX8B+RBjj47eo0mzGasklVJ78UKGQY1r0VpB9XHDaZZO9qzEFDdy4MrXLuEaSmPrPSe/A==",
      "dev": true
    }
  }
}
